
Microsoft Visual Studio Solution File, Format Version 12.00
# Visual Studio 15
VisualStudioVersion = 15.0.28307.168
MinimumVisualStudioVersion = 10.0.40219.1
Project("{FAE04EC0-301F-11D3-BF4B-00C04F79EFBC}") = "Chat_Messenger_Client", "Chat_Messenger_Client.csproj", "{4805F618-3C7F-4756-BCFC-CD3D29B6D4F2}"
EndProject
Global
	GlobalSection(SolutionConfigurationPlatforms) = preSolution
		Debug|Any CPU = Debug|Any CPU
		Release|Any CPU = Release|Any CPU
	EndGlobalSection
	GlobalSection(ProjectConfigurationPlatforms) = postSolution
		{4805F618-3C7F-4756-BCFC-CD3D29B6D4F2}.Debug|Any CPU.ActiveCfg = Debug|Any CPU
		{4805F618-3C7F-4756-BCFC-CD3D29B6D4F2}.Debug|Any CPU.Build.0 = Debug|Any CPU
		{4805F618-3C7F-4756-BCFC-CD3D29B6D4F2}.Release|Any CPU.ActiveCfg = Release|Any CPU
		{4805F618-3C7F-4756-BCFC-CD3D29B6D4F2}.Release|Any CPU.Build.0 = Release|Any CPU
	EndGlobalSection
	GlobalSection(SolutionProperties) = preSolution
		HideSolutionNode = FALSE
	EndGlobalSection
	GlobalSection(ExtensibilityGlobals) = postSolution
		SolutionGuid = {38595038-9EC0-46AF-BE50-043DDC15C51E}
	EndGlobalSection
EndGlobal
